
Microsoft Visual Studio Solution File, Format Version 12.00
# Visual Studio Version 17
VisualStudioVersion = 17.9.34728.123
MinimumVisualStudioVersion = 10.0.40219.1
Project("{8BC9CEB8-8B4A-11D0-8D11-00A0C91BC942}") = "dx11-hook", "dx11-hook\dx11-hook.vcxproj", "{5CB21B98-7A50-4FAB-97E1-0BB8DD9C97AE}"
EndProject
Global
	GlobalSection(SolutionConfigurationPlatforms) = preSolution
		Debug|x64 = Debug|x64
		Debug|x86 = Debug|x86
		Release|x64 = Release|x64
		Release|x86 = Release|x86
	EndGlobalSection
	GlobalSection(ProjectConfigurationPlatforms) = postSolution
		{5CB21B98-7A50-4FAB-97E1-0BB8DD9C97AE}.Debug|x64.ActiveCfg = Debug|x64
		{5CB21B98-7A50-4FAB-97E1-0BB8DD9C97AE}.Debug|x64.Build.0 = Debug|x64
		{5CB21B98-7A50-4FAB-97E1-0BB8DD9C97AE}.Debug|x86.ActiveCfg = Debug|Win32
		{5CB21B98-7A50-4FAB-97E1-0BB8DD9C97AE}.Debug|x86.Build.0 = Debug|Win32
		{5CB21B98-7A50-4FAB-97E1-0BB8DD9C97AE}.Release|x64.ActiveCfg = Release|x64
		{5CB21B98-7A50-4FAB-97E1-0BB8DD9C97AE}.Release|x64.Build.0 = Release|x64
		{5CB21B98-7A50-4FAB-97E1-0BB8DD9C97AE}.Release|x86.ActiveCfg = Release|Win32
		{5CB21B98-7A50-4FAB-97E1-0BB8DD9C97AE}.Release|x86.Build.0 = Release|Win32
	EndGlobalSection
	GlobalSection(SolutionProperties) = preSolution
		HideSolutionNode = FALSE
	EndGlobalSection
	GlobalSection(ExtensibilityGlobals) = postSolution
		SolutionGuid = {9BCA4EE5-8C29-4B55-974A-98E3592644CF}
	EndGlobalSection
EndGlobal
